
Microsoft Visual Studio Solution File, Format Version 12.00
# Visual Studio Version 16
VisualStudioVersion = 16.0.29020.237
MinimumVisualStudioVersion = 10.0.40219.1
Project("{9A19103F-16F7-4668-BE54-9A1E7A4F7556}") = "AbpvNext.Domain", "src\AbpvNext.Domain\AbpvNext.Domain.csproj", "{554AD327-6DBA-4F8F-96F8-81CE7A0C863F}"
EndProject
Project("{9A19103F-16F7-4668-BE54-9A1E7A4F7556}") = "AbpvNext.Application", "src\AbpvNext.Application\AbpvNext.Application.csproj", "{1A94A50E-06DC-43C1-80B5-B662820EC3EB}"
EndProject
Project("{2150E333-8FDC-42A3-9474-1A3956D46DE8}") = "1.src", "1.src", "{CA9AC87F-097E-4F15-8393-4BC07735A5B0}"
EndProject
Project("{2150E333-8FDC-42A3-9474-1A3956D46DE8}") = "2.samples", "2.samples", "{04DBDB01-70F4-4E06-B468-8F87850B22BE}"
EndProject
Project("{9A19103F-16F7-4668-BE54-9A1E7A4F7556}") = "AbpvNext.Domain.Shared", "src\AbpvNext.Domain.Shared\AbpvNext.Domain.Shared.csproj", "{42F719ED-8413-4895-B5B4-5AB56079BC66}"
EndProject
Project("{9A19103F-16F7-4668-BE54-9A1E7A4F7556}") = "AbpvNext.Application.Contracts", "src\AbpvNext.Application.Contracts\AbpvNext.Application.Contracts.csproj", "{520659C8-C734-4298-A3DA-B539DB9DFC0B}"
EndProject
Project("{9A19103F-16F7-4668-BE54-9A1E7A4F7556}") = "AbpvNext.HttpApi", "src\AbpvNext.HttpApi\AbpvNext.HttpApi.csproj", "{4164BDF7-F527-4E85-9CE6-E3C2D7426A27}"
EndProject
Project("{9A19103F-16F7-4668-BE54-9A1E7A4F7556}") = "AbpvNext.HttpApi.Client", "src\AbpvNext.HttpApi.Client\AbpvNext.HttpApi.Client.csproj", "{3B5A0094-670D-4BB1-BFDD-61B88A8773DC}"
EndProject
Project("{9A19103F-16F7-4668-BE54-9A1E7A4F7556}") = "AbpvNext", "src\AbpvNext\AbpvNext.csproj", "{1B7C9A80-45D0-4FE7-AC1A-EC816FBA968C}"
EndProject
Project("{2150E333-8FDC-42A3-9474-1A3956D46DE8}") = "0.Solution Items", "0.Solution Items", "{3A73F3F7-03A0-4CB0-BF7A-780F677F88DA}"
	ProjectSection(SolutionItems) = preProject
		..\abp.props = ..\abp.props
		..\common.props = ..\common.props
		..\configureawait.props = ..\configureawait.props
		..\README.md = ..\README.md
	EndProjectSection
EndProject
Project("{9A19103F-16F7-4668-BE54-9A1E7A4F7556}") = "AbpvNext.EntityFrameworkCore.SqlServer", "src\AbpvNext.EntityFrameworkCore.SqlServer\AbpvNext.EntityFrameworkCore.SqlServer.csproj", "{D3F2C0B9-B8C2-4238-BCBB-8EAB39EC95DE}"
EndProject
Project("{9A19103F-16F7-4668-BE54-9A1E7A4F7556}") = "AbpvNext.EntityFrameworkCore.MySQL", "src\AbpvNext.EntityFrameworkCore.MySQL\AbpvNext.EntityFrameworkCore.MySQL.csproj", "{655AAEBC-B592-44F1-AABB-A40BAFBA63EB}"
EndProject
Project("{9A19103F-16F7-4668-BE54-9A1E7A4F7556}") = "AbpvNext.EntityFrameworkCore.PostgreSql", "src\AbpvNext.EntityFrameworkCore.PostgreSql\AbpvNext.EntityFrameworkCore.PostgreSql.csproj", "{98F6B19D-DE51-4AB8-89CC-52B42DB60CDB}"
EndProject
Project("{9A19103F-16F7-4668-BE54-9A1E7A4F7556}") = "AbpvNext.EntityFrameworkCore.Sqlite", "src\AbpvNext.EntityFrameworkCore.Sqlite\AbpvNext.EntityFrameworkCore.Sqlite.csproj", "{91AF6102-808E-441A-BA6A-5965108F9B92}"
EndProject
Project("{9A19103F-16F7-4668-BE54-9A1E7A4F7556}") = "AbpvNext.EntityFrameworkCore.Oracle", "src\AbpvNext.EntityFrameworkCore.Oracle\AbpvNext.EntityFrameworkCore.Oracle.csproj", "{C73B181F-D148-43F7-9412-FE243A39A928}"
EndProject
Project("{9A19103F-16F7-4668-BE54-9A1E7A4F7556}") = "AbpvNext.HttpApi.WebCore", "src\AbpvNext.HttpApi.WebCore\AbpvNext.HttpApi.WebCore.csproj", "{27E815CA-1D75-461B-ADB7-D3A919662AD3}"
EndProject
Project("{9A19103F-16F7-4668-BE54-9A1E7A4F7556}") = "AbpvNext.MongoDB", "src\AbpvNext.MongoDB\AbpvNext.MongoDB.csproj", "{1363F9DC-9CD9-4FB9-AB1D-FF284902CC19}"
EndProject
Project("{2150E333-8FDC-42A3-9474-1A3956D46DE8}") = "WebApiDemo", "WebApiDemo", "{BB115385-EF36-4F28-9648-362518FD3A63}"
EndProject
Project("{9A19103F-16F7-4668-BE54-9A1E7A4F7556}") = "WebApiDemo.Domain.Shared", "..\samples\WebApiDemo\src\WebApiDemo.Domain.Shared\WebApiDemo.Domain.Shared.csproj", "{0692B651-FF25-46B4-B283-2E40831A9251}"
EndProject
Project("{9A19103F-16F7-4668-BE54-9A1E7A4F7556}") = "WebApiDemo.Domain", "..\samples\WebApiDemo\src\WebApiDemo.Domain\WebApiDemo.Domain.csproj", "{5371C1A9-16E5-4D9D-831D-D63F6CCCB25A}"
EndProject
Project("{9A19103F-16F7-4668-BE54-9A1E7A4F7556}") = "WebApiDemo.Application.Contracts", "..\samples\WebApiDemo\src\WebApiDemo.Application.Contracts\WebApiDemo.Application.Contracts.csproj", "{0EAB7EAD-526A-4727-B55E-36967BABFE55}"
EndProject
Project("{9A19103F-16F7-4668-BE54-9A1E7A4F7556}") = "WebApiDemo.Application", "..\samples\WebApiDemo\src\WebApiDemo.Application\WebApiDemo.Application.csproj", "{DC00D9DF-C7A6-495D-9A3F-F292AEEB0100}"
EndProject
Project("{9A19103F-16F7-4668-BE54-9A1E7A4F7556}") = "WebApiDemo.EntityFrameworkCore", "..\samples\WebApiDemo\src\WebApiDemo.EntityFrameworkCore\WebApiDemo.EntityFrameworkCore.csproj", "{6CA5CE48-9E4A-4510-AD6C-9BD544442F58}"
EndProject
Project("{9A19103F-16F7-4668-BE54-9A1E7A4F7556}") = "WebApiDemo.DbMigrator", "..\samples\WebApiDemo\src\WebApiDemo.DbMigrator\WebApiDemo.DbMigrator.csproj", "{2352C69D-F461-4449-A03D-F7F8DA91746B}"
EndProject
Project("{9A19103F-16F7-4668-BE54-9A1E7A4F7556}") = "WebApiDemo.HttpApi", "..\samples\WebApiDemo\src\WebApiDemo.HttpApi\WebApiDemo.HttpApi.csproj", "{D4F14B0D-A3E5-4246-B43D-65BA4FE75905}"
EndProject
Project("{9A19103F-16F7-4668-BE54-9A1E7A4F7556}") = "WebApiDemo.HttpApi.Client", "..\samples\WebApiDemo\src\WebApiDemo.HttpApi.Client\WebApiDemo.HttpApi.Client.csproj", "{9A043CF7-701B-443E-8CEF-AFE951B3253D}"
EndProject
Project("{9A19103F-16F7-4668-BE54-9A1E7A4F7556}") = "WebApiDemo.HttpApi.Host", "..\samples\WebApiDemo\src\WebApiDemo.HttpApi.Host\WebApiDemo.HttpApi.Host.csproj", "{45075FF5-234B-4625-AAD2-B67B63AA530B}"
EndProject
Project("{9A19103F-16F7-4668-BE54-9A1E7A4F7556}") = "WebApiDemo.IdentityServer", "..\samples\WebApiDemo\src\WebApiDemo.IdentityServer\WebApiDemo.IdentityServer.csproj", "{3D63CC91-2022-4A95-97F4-4C803A924283}"
EndProject
Project("{2150E333-8FDC-42A3-9474-1A3956D46DE8}") = "ConsoleDemo", "ConsoleDemo", "{2B6B2031-C519-4E70-BD7D-51F7396869A4}"
EndProject
Project("{9A19103F-16F7-4668-BE54-9A1E7A4F7556}") = "ConsoleApp", "..\samples\ConsoleDemo\ConsoleApp\ConsoleApp.csproj", "{0F24FE0C-B487-4EF5-9B92-94F54C30CC7B}"
EndProject
Global
	GlobalSection(SolutionConfigurationPlatforms) = preSolution
		Debug|Any CPU = Debug|Any CPU
		Release|Any CPU = Release|Any CPU
	EndGlobalSection
	GlobalSection(ProjectConfigurationPlatforms) = postSolution
		{554AD327-6DBA-4F8F-96F8-81CE7A0C863F}.Debug|Any CPU.ActiveCfg = Debug|Any CPU
		{554AD327-6DBA-4F8F-96F8-81CE7A0C863F}.Debug|Any CPU.Build.0 = Debug|Any CPU
		{554AD327-6DBA-4F8F-96F8-81CE7A0C863F}.Release|Any CPU.ActiveCfg = Release|Any CPU
		{554AD327-6DBA-4F8F-96F8-81CE7A0C863F}.Release|Any CPU.Build.0 = Release|Any CPU
		{1A94A50E-06DC-43C1-80B5-B662820EC3EB}.Debug|Any CPU.ActiveCfg = Debug|Any CPU
		{1A94A50E-06DC-43C1-80B5-B662820EC3EB}.Debug|Any CPU.Build.0 = Debug|Any CPU
		{1A94A50E-06DC-43C1-80B5-B662820EC3EB}.Release|Any CPU.ActiveCfg = Release|Any CPU
		{1A94A50E-06DC-43C1-80B5-B662820EC3EB}.Release|Any CPU.Build.0 = Release|Any CPU
		{42F719ED-8413-4895-B5B4-5AB56079BC66}.Debug|Any CPU.ActiveCfg = Debug|Any CPU
		{42F719ED-8413-4895-B5B4-5AB56079BC66}.Debug|Any CPU.Build.0 = Debug|Any CPU
		{42F719ED-8413-4895-B5B4-5AB56079BC66}.Release|Any CPU.ActiveCfg = Release|Any CPU
		{42F719ED-8413-4895-B5B4-5AB56079BC66}.Release|Any CPU.Build.0 = Release|Any CPU
		{520659C8-C734-4298-A3DA-B539DB9DFC0B}.Debug|Any CPU.ActiveCfg = Debug|Any CPU
		{520659C8-C734-4298-A3DA-B539DB9DFC0B}.Debug|Any CPU.Build.0 = Debug|Any CPU
		{520659C8-C734-4298-A3DA-B539DB9DFC0B}.Release|Any CPU.ActiveCfg = Release|Any CPU
		{520659C8-C734-4298-A3DA-B539DB9DFC0B}.Release|Any CPU.Build.0 = Release|Any CPU
		{4164BDF7-F527-4E85-9CE6-E3C2D7426A27}.Debug|Any CPU.ActiveCfg = Debug|Any CPU
		{4164BDF7-F527-4E85-9CE6-E3C2D7426A27}.Debug|Any CPU.Build.0 = Debug|Any CPU
		{4164BDF7-F527-4E85-9CE6-E3C2D7426A27}.Release|Any CPU.ActiveCfg = Release|Any CPU
		{4164BDF7-F527-4E85-9CE6-E3C2D7426A27}.Release|Any CPU.Build.0 = Release|Any CPU
		{3B5A0094-670D-4BB1-BFDD-61B88A8773DC}.Debug|Any CPU.ActiveCfg = Debug|Any CPU
		{3B5A0094-670D-4BB1-BFDD-61B88A8773DC}.Debug|Any CPU.Build.0 = Debug|Any CPU
		{3B5A0094-670D-4BB1-BFDD-61B88A8773DC}.Release|Any CPU.ActiveCfg = Release|Any CPU
		{3B5A0094-670D-4BB1-BFDD-61B88A8773DC}.Release|Any CPU.Build.0 = Release|Any CPU
		{1B7C9A80-45D0-4FE7-AC1A-EC816FBA968C}.Debug|Any CPU.ActiveCfg = Debug|Any CPU
		{1B7C9A80-45D0-4FE7-AC1A-EC816FBA968C}.Debug|Any CPU.Build.0 = Debug|Any CPU
		{1B7C9A80-45D0-4FE7-AC1A-EC816FBA968C}.Release|Any CPU.ActiveCfg = Release|Any CPU
		{1B7C9A80-45D0-4FE7-AC1A-EC816FBA968C}.Release|Any CPU.Build.0 = Release|Any CPU
		{D3F2C0B9-B8C2-4238-BCBB-8EAB39EC95DE}.Debug|Any CPU.ActiveCfg = Debug|Any CPU
		{D3F2C0B9-B8C2-4238-BCBB-8EAB39EC95DE}.Debug|Any CPU.Build.0 = Debug|Any CPU
		{D3F2C0B9-B8C2-4238-BCBB-8EAB39EC95DE}.Release|Any CPU.ActiveCfg = Release|Any CPU
		{D3F2C0B9-B8C2-4238-BCBB-8EAB39EC95DE}.Release|Any CPU.Build.0 = Release|Any CPU
		{655AAEBC-B592-44F1-AABB-A40BAFBA63EB}.Debug|Any CPU.ActiveCfg = Debug|Any CPU
		{655AAEBC-B592-44F1-AABB-A40BAFBA63EB}.Debug|Any CPU.Build.0 = Debug|Any CPU
		{655AAEBC-B592-44F1-AABB-A40BAFBA63EB}.Release|Any CPU.ActiveCfg = Release|Any CPU
		{655AAEBC-B592-44F1-AABB-A40BAFBA63EB}.Release|Any CPU.Build.0 = Release|Any CPU
		{98F6B19D-DE51-4AB8-89CC-52B42DB60CDB}.Debug|Any CPU.ActiveCfg = Debug|Any CPU
		{98F6B19D-DE51-4AB8-89CC-52B42DB60CDB}.Debug|Any CPU.Build.0 = Debug|Any CPU
		{98F6B19D-DE51-4AB8-89CC-52B42DB60CDB}.Release|Any CPU.ActiveCfg = Release|Any CPU
		{98F6B19D-DE51-4AB8-89CC-52B42DB60CDB}.Release|Any CPU.Build.0 = Release|Any CPU
		{91AF6102-808E-441A-BA6A-5965108F9B92}.Debug|Any CPU.ActiveCfg = Debug|Any CPU
		{91AF6102-808E-441A-BA6A-5965108F9B92}.Debug|Any CPU.Build.0 = Debug|Any CPU
		{91AF6102-808E-441A-BA6A-5965108F9B92}.Release|Any CPU.ActiveCfg = Release|Any CPU
		{91AF6102-808E-441A-BA6A-5965108F9B92}.Release|Any CPU.Build.0 = Release|Any CPU
		{C73B181F-D148-43F7-9412-FE243A39A928}.Debug|Any CPU.ActiveCfg = Debug|Any CPU
		{C73B181F-D148-43F7-9412-FE243A39A928}.Debug|Any CPU.Build.0 = Debug|Any CPU
		{C73B181F-D148-43F7-9412-FE243A39A928}.Release|Any CPU.ActiveCfg = Release|Any CPU
		{C73B181F-D148-43F7-9412-FE243A39A928}.Release|Any CPU.Build.0 = Release|Any CPU
		{27E815CA-1D75-461B-ADB7-D3A919662AD3}.Debug|Any CPU.ActiveCfg = Debug|Any CPU
		{27E815CA-1D75-461B-ADB7-D3A919662AD3}.Debug|Any CPU.Build.0 = Debug|Any CPU
		{27E815CA-1D75-461B-ADB7-D3A919662AD3}.Release|Any CPU.ActiveCfg = Release|Any CPU
		{27E815CA-1D75-461B-ADB7-D3A919662AD3}.Release|Any CPU.Build.0 = Release|Any CPU
		{1363F9DC-9CD9-4FB9-AB1D-FF284902CC19}.Debug|Any CPU.ActiveCfg = Debug|Any CPU
		{1363F9DC-9CD9-4FB9-AB1D-FF284902CC19}.Debug|Any CPU.Build.0 = Debug|Any CPU
		{1363F9DC-9CD9-4FB9-AB1D-FF284902CC19}.Release|Any CPU.ActiveCfg = Release|Any CPU
		{1363F9DC-9CD9-4FB9-AB1D-FF284902CC19}.Release|Any CPU.Build.0 = Release|Any CPU
		{0692B651-FF25-46B4-B283-2E40831A9251}.Debug|Any CPU.ActiveCfg = Debug|Any CPU
		{0692B651-FF25-46B4-B283-2E40831A9251}.Debug|Any CPU.Build.0 = Debug|Any CPU
		{0692B651-FF25-46B4-B283-2E40831A9251}.Release|Any CPU.ActiveCfg = Release|Any CPU
		{0692B651-FF25-46B4-B283-2E40831A9251}.Release|Any CPU.Build.0 = Release|Any CPU
		{5371C1A9-16E5-4D9D-831D-D63F6CCCB25A}.Debug|Any CPU.ActiveCfg = Debug|Any CPU
		{5371C1A9-16E5-4D9D-831D-D63F6CCCB25A}.Debug|Any CPU.Build.0 = Debug|Any CPU
		{5371C1A9-16E5-4D9D-831D-D63F6CCCB25A}.Release|Any CPU.ActiveCfg = Release|Any CPU
		{5371C1A9-16E5-4D9D-831D-D63F6CCCB25A}.Release|Any CPU.Build.0 = Release|Any CPU
		{0EAB7EAD-526A-4727-B55E-36967BABFE55}.Debug|Any CPU.ActiveCfg = Debug|Any CPU
		{0EAB7EAD-526A-4727-B55E-36967BABFE55}.Debug|Any CPU.Build.0 = Debug|Any CPU
		{0EAB7EAD-526A-4727-B55E-36967BABFE55}.Release|Any CPU.ActiveCfg = Release|Any CPU
		{0EAB7EAD-526A-4727-B55E-36967BABFE55}.Release|Any CPU.Build.0 = Release|Any CPU
		{DC00D9DF-C7A6-495D-9A3F-F292AEEB0100}.Debug|Any CPU.ActiveCfg = Debug|Any CPU
		{DC00D9DF-C7A6-495D-9A3F-F292AEEB0100}.Debug|Any CPU.Build.0 = Debug|Any CPU
		{DC00D9DF-C7A6-495D-9A3F-F292AEEB0100}.Release|Any CPU.ActiveCfg = Release|Any CPU
		{DC00D9DF-C7A6-495D-9A3F-F292AEEB0100}.Release|Any CPU.Build.0 = Release|Any CPU
		{6CA5CE48-9E4A-4510-AD6C-9BD544442F58}.Debug|Any CPU.ActiveCfg = Debug|Any CPU
		{6CA5CE48-9E4A-4510-AD6C-9BD544442F58}.Debug|Any CPU.Build.0 = Debug|Any CPU
		{6CA5CE48-9E4A-4510-AD6C-9BD544442F58}.Release|Any CPU.ActiveCfg = Release|Any CPU
		{6CA5CE48-9E4A-4510-AD6C-9BD544442F58}.Release|Any CPU.Build.0 = Release|Any CPU
		{2352C69D-F461-4449-A03D-F7F8DA91746B}.Debug|Any CPU.ActiveCfg = Debug|Any CPU
		{2352C69D-F461-4449-A03D-F7F8DA91746B}.Debug|Any CPU.Build.0 = Debug|Any CPU
		{2352C69D-F461-4449-A03D-F7F8DA91746B}.Release|Any CPU.ActiveCfg = Release|Any CPU
		{2352C69D-F461-4449-A03D-F7F8DA91746B}.Release|Any CPU.Build.0 = Release|Any CPU
		{D4F14B0D-A3E5-4246-B43D-65BA4FE75905}.Debug|Any CPU.ActiveCfg = Debug|Any CPU
		{D4F14B0D-A3E5-4246-B43D-65BA4FE75905}.Debug|Any CPU.Build.0 = Debug|Any CPU
		{D4F14B0D-A3E5-4246-B43D-65BA4FE75905}.Release|Any CPU.ActiveCfg = Release|Any CPU
		{D4F14B0D-A3E5-4246-B43D-65BA4FE75905}.Release|Any CPU.Build.0 = Release|Any CPU
		{9A043CF7-701B-443E-8CEF-AFE951B3253D}.Debug|Any CPU.ActiveCfg = Debug|Any CPU
		{9A043CF7-701B-443E-8CEF-AFE951B3253D}.Debug|Any CPU.Build.0 = Debug|Any CPU
		{9A043CF7-701B-443E-8CEF-AFE951B3253D}.Release|Any CPU.ActiveCfg = Release|Any CPU
		{9A043CF7-701B-443E-8CEF-AFE951B3253D}.Release|Any CPU.Build.0 = Release|Any CPU
		{45075FF5-234B-4625-AAD2-B67B63AA530B}.Debug|Any CPU.ActiveCfg = Debug|Any CPU
		{45075FF5-234B-4625-AAD2-B67B63AA530B}.Debug|Any CPU.Build.0 = Debug|Any CPU
		{45075FF5-234B-4625-AAD2-B67B63AA530B}.Release|Any CPU.ActiveCfg = Release|Any CPU
		{45075FF5-234B-4625-AAD2-B67B63AA530B}.Release|Any CPU.Build.0 = Release|Any CPU
		{3D63CC91-2022-4A95-97F4-4C803A924283}.Debug|Any CPU.ActiveCfg = Debug|Any CPU
		{3D63CC91-2022-4A95-97F4-4C803A924283}.Debug|Any CPU.Build.0 = Debug|Any CPU
		{3D63CC91-2022-4A95-97F4-4C803A924283}.Release|Any CPU.ActiveCfg = Release|Any CPU
		{3D63CC91-2022-4A95-97F4-4C803A924283}.Release|Any CPU.Build.0 = Release|Any CPU
		{0F24FE0C-B487-4EF5-9B92-94F54C30CC7B}.Debug|Any CPU.ActiveCfg = Debug|Any CPU
		{0F24FE0C-B487-4EF5-9B92-94F54C30CC7B}.Debug|Any CPU.Build.0 = Debug|Any CPU
		{0F24FE0C-B487-4EF5-9B92-94F54C30CC7B}.Release|Any CPU.ActiveCfg = Release|Any CPU
		{0F24FE0C-B487-4EF5-9B92-94F54C30CC7B}.Release|Any CPU.Build.0 = Release|Any CPU
	EndGlobalSection
	GlobalSection(SolutionProperties) = preSolution
		HideSolutionNode = FALSE
	EndGlobalSection
	GlobalSection(NestedProjects) = preSolution
		{554AD327-6DBA-4F8F-96F8-81CE7A0C863F} = {CA9AC87F-097E-4F15-8393-4BC07735A5B0}
		{1A94A50E-06DC-43C1-80B5-B662820EC3EB} = {CA9AC87F-097E-4F15-8393-4BC07735A5B0}
		{42F719ED-8413-4895-B5B4-5AB56079BC66} = {CA9AC87F-097E-4F15-8393-4BC07735A5B0}
		{520659C8-C734-4298-A3DA-B539DB9DFC0B} = {CA9AC87F-097E-4F15-8393-4BC07735A5B0}
		{4164BDF7-F527-4E85-9CE6-E3C2D7426A27} = {CA9AC87F-097E-4F15-8393-4BC07735A5B0}
		{3B5A0094-670D-4BB1-BFDD-61B88A8773DC} = {CA9AC87F-097E-4F15-8393-4BC07735A5B0}
		{1B7C9A80-45D0-4FE7-AC1A-EC816FBA968C} = {CA9AC87F-097E-4F15-8393-4BC07735A5B0}
		{D3F2C0B9-B8C2-4238-BCBB-8EAB39EC95DE} = {CA9AC87F-097E-4F15-8393-4BC07735A5B0}
		{655AAEBC-B592-44F1-AABB-A40BAFBA63EB} = {CA9AC87F-097E-4F15-8393-4BC07735A5B0}
		{98F6B19D-DE51-4AB8-89CC-52B42DB60CDB} = {CA9AC87F-097E-4F15-8393-4BC07735A5B0}
		{91AF6102-808E-441A-BA6A-5965108F9B92} = {CA9AC87F-097E-4F15-8393-4BC07735A5B0}
		{C73B181F-D148-43F7-9412-FE243A39A928} = {CA9AC87F-097E-4F15-8393-4BC07735A5B0}
		{27E815CA-1D75-461B-ADB7-D3A919662AD3} = {CA9AC87F-097E-4F15-8393-4BC07735A5B0}
		{1363F9DC-9CD9-4FB9-AB1D-FF284902CC19} = {CA9AC87F-097E-4F15-8393-4BC07735A5B0}
		{BB115385-EF36-4F28-9648-362518FD3A63} = {04DBDB01-70F4-4E06-B468-8F87850B22BE}
		{0692B651-FF25-46B4-B283-2E40831A9251} = {BB115385-EF36-4F28-9648-362518FD3A63}
		{5371C1A9-16E5-4D9D-831D-D63F6CCCB25A} = {BB115385-EF36-4F28-9648-362518FD3A63}
		{0EAB7EAD-526A-4727-B55E-36967BABFE55} = {BB115385-EF36-4F28-9648-362518FD3A63}
		{DC00D9DF-C7A6-495D-9A3F-F292AEEB0100} = {BB115385-EF36-4F28-9648-362518FD3A63}
		{6CA5CE48-9E4A-4510-AD6C-9BD544442F58} = {BB115385-EF36-4F28-9648-362518FD3A63}
		{2352C69D-F461-4449-A03D-F7F8DA91746B} = {BB115385-EF36-4F28-9648-362518FD3A63}
		{D4F14B0D-A3E5-4246-B43D-65BA4FE75905} = {BB115385-EF36-4F28-9648-362518FD3A63}
		{9A043CF7-701B-443E-8CEF-AFE951B3253D} = {BB115385-EF36-4F28-9648-362518FD3A63}
		{45075FF5-234B-4625-AAD2-B67B63AA530B} = {BB115385-EF36-4F28-9648-362518FD3A63}
		{3D63CC91-2022-4A95-97F4-4C803A924283} = {BB115385-EF36-4F28-9648-362518FD3A63}
		{2B6B2031-C519-4E70-BD7D-51F7396869A4} = {04DBDB01-70F4-4E06-B468-8F87850B22BE}
		{0F24FE0C-B487-4EF5-9B92-94F54C30CC7B} = {2B6B2031-C519-4E70-BD7D-51F7396869A4}
	EndGlobalSection
	GlobalSection(ExtensibilityGlobals) = postSolution
		SolutionGuid = {28315BFD-90E7-4E14-A2EA-F3D23AF4126F}
	EndGlobalSection
EndGlobal
